<?xml version="1.0" encoding="utf-8"?>
<Project ToolsVersion="4.0" xmlns="http://schemas.microsoft.com/developer/msbuild/2003">
  <ItemGroup>
    <Filter Include="Source Files">
      <UniqueIdentifier>{4FC737F1-C7A5-4376-A066-2A32D752A2FF}</UniqueIdentifier>
      <Extensions>cpp;c;cc;cxx;def;odl;idl;hpj;bat;asm;asmx</Extensions>
    </Filter>
    <Filter Include="Source Files\MainChar">
      <UniqueIdentifier>{55a7a1fa-7115-49a3-96db-d3a24ac23ab6}</UniqueIdentifier>
    </Filter>
    <Filter Include="Source Files\ParalaxLayers">
      <UniqueIdentifier>{ee914eca-b941-4c91-8b99-e0a599f92061}</UniqueIdentifier>
    </Filter>
    <Filter Include="Source Files\Enemies">
      <UniqueIdentifier>{fa67a788-c2b8-433b-b34b-793e789eb211}</UniqueIdentifier>
    </Filter>
    <Filter Include="Source Files\Objects">
      <UniqueIdentifier>{fc03ba75-c41e-4b0a-86a1-f99d27c0aee4}</UniqueIdentifier>
    </Filter>
    <Filter Include="Source Files\Game">
      <UniqueIdentifier>{97793cde-eb3c-4a53-a0b4-617369cb3b80}</UniqueIdentifier>
    </Filter>
    <Filter Include="Source Files\Main">
      <UniqueIdentifier>{e76e61f9-0e32-4e84-9cf2-f2e9337f582b}</UniqueIdentifier>
    </Filter>
    <Filter Include="Source Files\Timers">
      <UniqueIdentifier>{c4977b8f-3274-4815-b775-837df9704ddd}</UniqueIdentifier>
    </Filter>
    <Filter Include="Source Files\Animal">
      <UniqueIdentifier>{e927221e-9049-4a00-a946-d93412033739}</UniqueIdentifier>
    </Filter>
    <Filter Include="Source Files\Intro&amp;Menu">
      <UniqueIdentifier>{35818f8b-dced-4eb3-9bcd-9d0e3cf557a7}</UniqueIdentifier>
    </Filter>
    <Filter Include="Source Files\MainScreen">
      <UniqueIdentifier>{6726b808-49d5-4670-840d-735dc2b2059a}</UniqueIdentifier>
    </Filter>
    <Filter Include="Source Files\Collisions">
      <UniqueIdentifier>{464e97bf-203f-4a1e-86a8-80d3869a1937}</UniqueIdentifier>
    </Filter>
    <Filter Include="Source Files\Outro">
      <UniqueIdentifier>{288b1e62-1f67-46b9-9af9-f389ec263078}</UniqueIdentifier>
    </Filter>
    <Filter Include="Source Files\GettingInput">
      <UniqueIdentifier>{32bbedec-ae7b-4751-8308-d3ab9644eed7}</UniqueIdentifier>
    </Filter>
    <Filter Include="Source Files\HighScore">
      <UniqueIdentifier>{7e6826bc-ff67-4bd1-831e-4ea89897881b}</UniqueIdentifier>
    </Filter>
    <Filter Include="Source Files\Sound">
      <UniqueIdentifier>{437ab152-5fe5-4af5-9b4d-7eca56c906a2}</UniqueIdentifier>
    </Filter>
  </ItemGroup>
  <ItemGroup>
    <ClCompile Include="characters.cpp">
      <Filter>Source Files\MainChar</Filter>
    </ClCompile>
    <ClCompile Include="Paralaxlayers.cpp">
      <Filter>Source Files\ParalaxLayers</Filter>
    </ClCompile>
    <ClCompile Include="Enemies.cpp">
      <Filter>Source Files\Enemies</Filter>
    </ClCompile>
    <ClCompile Include="Objects.cpp">
      <Filter>Source Files\Objects</Filter>
    </ClCompile>
    <ClCompile Include="Game.cpp">
      <Filter>Source Files\Game</Filter>
    </ClCompile>
    <ClCompile Include="Main.cpp">
      <Filter>Source Files\Main</Filter>
    </ClCompile>
    <ClCompile Include="Timers.cpp">
      <Filter>Source Files\Timers</Filter>
    </ClCompile>
    <ClCompile Include="Animals.cpp">
      <Filter>Source Files\Animal</Filter>
    </ClCompile>
    <ClCompile Include="Intro.cpp">
      <Filter>Source Files\Intro&amp;Menu</Filter>
    </ClCompile>
    <ClCompile Include="Start.cpp">
      <Filter>Source Files\MainScreen</Filter>
    </ClCompile>
    <ClCompile Include="Collision.cpp">
      <Filter>Source Files\Collisions</Filter>
    </ClCompile>
    <ClCompile Include="OutroFinish.cpp">
      <Filter>Source Files\Outro</Filter>
    </ClCompile>
    <ClCompile Include="GetInput.cpp">
      <Filter>Source Files\GettingInput</Filter>
    </ClCompile>
    <ClCompile Include="HighScore.cpp">
      <Filter>Source Files\HighScore</Filter>
    </ClCompile>
    <ClCompile Include="SoundAndMusic.cpp">
      <Filter>Source Files\Sound</Filter>
    </ClCompile>
  </ItemGroup>
  <ItemGroup>
    <ClInclude Include="characters.h">
      <Filter>Source Files\MainChar</Filter>
    </ClInclude>
    <ClInclude Include="Paralaxlayers.h">
      <Filter>Source Files\ParalaxLayers</Filter>
    </ClInclude>
    <ClInclude Include="Enemies.h">
      <Filter>Source Files\Enemies</Filter>
    </ClInclude>
    <ClInclude Include="Objects.h">
      <Filter>Source Files\Objects</Filter>
    </ClInclude>
    <ClInclude Include="Game.h">
      <Filter>Source Files\Game</Filter>
    </ClInclude>
    <ClInclude Include="Timers.h">
      <Filter>Source Files\Timers</Filter>
    </ClInclude>
    <ClInclude Include="Animals.h">
      <Filter>Source Files\Animal</Filter>
    </ClInclude>
    <ClInclude Include="Intro.h">
      <Filter>Source Files\Intro&amp;Menu</Filter>
    </ClInclude>
    <ClInclude Include="Start.h">
      <Filter>Source Files\MainScreen</Filter>
    </ClInclude>
    <ClInclude Include="Collision.h">
      <Filter>Source Files\Collisions</Filter>
    </ClInclude>
    <ClInclude Include="OutroFinish.h">
      <Filter>Source Files\Outro</Filter>
    </ClInclude>
    <ClInclude Include="GetInput.h">
      <Filter>Source Files\GettingInput</Filter>
    </ClInclude>
    <ClInclude Include="HighScore.h">
      <Filter>Source Files\HighScore</Filter>
    </ClInclude>
    <ClInclude Include="SoundAndMusic.h">
      <Filter>Source Files\Sound</Filter>
    </ClInclude>
  </ItemGroup>
</Project>