<?xml version="1.0" encoding="utf-8"?>
<Project ToolsVersion="4.0" xmlns="http://schemas.microsoft.com/developer/msbuild/2003">
  <ItemGroup>
    <ClCompile Include="src\Collision.cpp">
      <Filter>Collision</Filter>
    </ClCompile>
    <ClCompile Include="src\ControlGfx.cpp">
      <Filter>ControlGfx</Filter>
    </ClCompile>
    <ClCompile Include="src\Game.cpp">
      <Filter>Game</Filter>
    </ClCompile>
    <ClCompile Include="src\GetInput.cpp">
      <Filter>GetInput</Filter>
    </ClCompile>
    <ClCompile Include="src\Main.cpp">
      <Filter>Main</Filter>
    </ClCompile>
    <ClCompile Include="src\Objects.cpp">
      <Filter>Objects</Filter>
    </ClCompile>
    <ClCompile Include="src\OutroFinish.cpp">
      <Filter>OutroFinished</Filter>
    </ClCompile>
    <ClCompile Include="src\Paralaxlayers.cpp">
      <Filter>ParallaxLayers</Filter>
    </ClCompile>
    <ClCompile Include="src\MainMenu.cpp">
      <Filter>Screens\MainMenu</Filter>
    </ClCompile>
    <ClCompile Include="src\Bullets.cpp">
      <Filter>Objects</Filter>
    </ClCompile>
    <ClCompile Include="src\Global\Global.cpp">
      <Filter>Global</Filter>
    </ClCompile>
    <ClCompile Include="src\Credits.cpp">
      <Filter>Screens\Credits</Filter>
    </ClCompile>
    <ClCompile Include="src\Options.cpp">
      <Filter>Screens\Options</Filter>
    </ClCompile>
    <ClCompile Include="src\Enemies\Cubes.cpp">
      <Filter>Enemies\Cubes</Filter>
    </ClCompile>
    <ClCompile Include="src\Load.cpp">
      <Filter>Screens\Load</Filter>
    </ClCompile>
    <ClCompile Include="src\Save.cpp">
      <Filter>Screens\Save</Filter>
    </ClCompile>
    <ClCompile Include="src\Spaceship.cpp">
      <Filter>Spaceship</Filter>
    </ClCompile>
    <ClCompile Include="src\GameController\GameController.cpp">
      <Filter>Gamecontroller</Filter>
    </ClCompile>
    <ClCompile Include="src\Enemies\Powerup.cpp">
      <Filter>Powerups</Filter>
    </ClCompile>
    <ClCompile Include="src\log\log.cpp">
      <Filter>Global</Filter>
    </ClCompile>
    <ClCompile Include="src\ParallaxEffect\ParallaxEffect.cpp">
      <Filter>ParallaxLayers</Filter>
    </ClCompile>
    <ClCompile Include="src\Enemies.cpp">
      <Filter>Enemies</Filter>
    </ClCompile>
    <ClCompile Include="src\Audio\Audio.cpp">
      <Filter>Audio</Filter>
    </ClCompile>
    <ClCompile Include="src\ParticleController\Particle.cpp">
      <Filter>ParticleController</Filter>
    </ClCompile>
    <ClCompile Include="src\Enemies\BlueShip.cpp">
      <Filter>Enemies\BlueShip</Filter>
    </ClCompile>
    <ClCompile Include="src\Enemies\BlueFish.cpp">
      <Filter>Enemies\BlueFish</Filter>
    </ClCompile>
    <ClCompile Include="src\Enemies\PurpleShip.cpp">
      <Filter>Enemies\PurpleShip</Filter>
    </ClCompile>
  </ItemGroup>
  <ItemGroup>
    <ClInclude Include="src\Collision.h">
      <Filter>Collision</Filter>
    </ClInclude>
    <ClInclude Include="src\ControlGfx.h">
      <Filter>ControlGfx</Filter>
    </ClInclude>
    <ClInclude Include="src\Game.h">
      <Filter>Game</Filter>
    </ClInclude>
    <ClInclude Include="src\GetInput.h">
      <Filter>GetInput</Filter>
    </ClInclude>
    <ClInclude Include="src\Objects.h">
      <Filter>Objects</Filter>
    </ClInclude>
    <ClInclude Include="src\OutroFinish.h">
      <Filter>OutroFinished</Filter>
    </ClInclude>
    <ClInclude Include="src\Paralaxlayers.h">
      <Filter>ParallaxLayers</Filter>
    </ClInclude>
    <ClInclude Include="src\BaseController.h" />
    <ClInclude Include="src\Enemies\MovingThings.h">
      <Filter>Enemies</Filter>
    </ClInclude>
    <ClInclude Include="src\MainMenu.h">
      <Filter>Screens\MainMenu</Filter>
    </ClInclude>
    <ClInclude Include="src\resource.h">
      <Filter>Resource</Filter>
    </ClInclude>
    <ClInclude Include="src\Bullets.h">
      <Filter>Objects</Filter>
    </ClInclude>
    <ClInclude Include="src\Global\Global.h">
      <Filter>Global</Filter>
    </ClInclude>
    <ClInclude Include="src\Credits.h">
      <Filter>Screens\Credits</Filter>
    </ClInclude>
    <ClInclude Include="src\Options.h">
      <Filter>Screens\Options</Filter>
    </ClInclude>
    <ClInclude Include="src\Enemies\Cubes.h">
      <Filter>Enemies\Cubes</Filter>
    </ClInclude>
    <ClInclude Include="src\Load.h">
      <Filter>Screens\Load</Filter>
    </ClInclude>
    <ClInclude Include="src\Save.h">
      <Filter>Screens\Save</Filter>
    </ClInclude>
    <ClInclude Include="version.h">
      <Filter>Resource</Filter>
    </ClInclude>
    <ClInclude Include="src\Spaceship.h">
      <Filter>Spaceship</Filter>
    </ClInclude>
    <ClInclude Include="src\GameController\GameController.h">
      <Filter>Gamecontroller</Filter>
    </ClInclude>
    <ClInclude Include="src\Enemies\Powerup.h">
      <Filter>Powerups</Filter>
    </ClInclude>
    <ClInclude Include="src\log\log.h">
      <Filter>Global</Filter>
    </ClInclude>
    <ClInclude Include="src\ParallaxEffect\ParallaxEffect.h">
      <Filter>ParallaxLayers</Filter>
    </ClInclude>
    <ClInclude Include="src\Enemies.h">
      <Filter>Enemies</Filter>
    </ClInclude>
    <ClInclude Include="src\Enemies\CWave1.h">
      <Filter>Enemies\Wave1</Filter>
    </ClInclude>
    <ClInclude Include="src\Audio\Audio.h">
      <Filter>Audio</Filter>
    </ClInclude>
    <ClInclude Include="src\ParticleController\Particle.h">
      <Filter>ParticleController</Filter>
    </ClInclude>
    <ClInclude Include="src\ParticleController\Vector3D.h">
      <Filter>ParticleController</Filter>
    </ClInclude>
    <ClInclude Include="src\Enemies\BlueShip.h">
      <Filter>Enemies\BlueShip</Filter>
    </ClInclude>
    <ClInclude Include="src\Enemies\BlueFish.h">
      <Filter>Enemies\BlueFish</Filter>
    </ClInclude>
    <ClInclude Include="src\Enemies\PurpleShip.h">
      <Filter>Enemies\PurpleShip</Filter>
    </ClInclude>
  </ItemGroup>
  <ItemGroup>
    <Filter Include="Audio">
      <UniqueIdentifier>{15c50117-fcc0-4fc9-b403-4964ef809b47}</UniqueIdentifier>
    </Filter>
    <Filter Include="Collision">
      <UniqueIdentifier>{443d06f8-aa95-4847-b42a-0d46eb5713aa}</UniqueIdentifier>
    </Filter>
    <Filter Include="ControlGfx">
      <UniqueIdentifier>{bc288d61-9723-4477-af4e-556fac0388fb}</UniqueIdentifier>
    </Filter>
    <Filter Include="Enemies">
      <UniqueIdentifier>{26c78456-8dc3-4bf5-b9ac-1142d7bb479e}</UniqueIdentifier>
    </Filter>
    <Filter Include="Game">
      <UniqueIdentifier>{84dd5aa4-eb8d-4e19-9bdc-55544e0a4f29}</UniqueIdentifier>
    </Filter>
    <Filter Include="GetInput">
      <UniqueIdentifier>{b493b229-983e-4607-ab04-3c88c8acb3d5}</UniqueIdentifier>
    </Filter>
    <Filter Include="Main">
      <UniqueIdentifier>{b09540d1-2926-40f7-a57b-3fa80d114054}</UniqueIdentifier>
    </Filter>
    <Filter Include="Objects">
      <UniqueIdentifier>{e2a856dd-9e78-4b01-ba4b-774a010bcc26}</UniqueIdentifier>
    </Filter>
    <Filter Include="OutroFinished">
      <UniqueIdentifier>{ba71ba1a-5e9e-4364-9420-31c2cd17d5c5}</UniqueIdentifier>
    </Filter>
    <Filter Include="ParallaxLayers">
      <UniqueIdentifier>{5ddeeddd-5c9d-436b-99a2-e8ed79427abb}</UniqueIdentifier>
    </Filter>
    <Filter Include="Resource">
      <UniqueIdentifier>{ce71be52-268c-4150-90ac-fd4f7705cc94}</UniqueIdentifier>
    </Filter>
    <Filter Include="Global">
      <UniqueIdentifier>{102ea0c0-7847-4725-895e-d3137c9327db}</UniqueIdentifier>
    </Filter>
    <Filter Include="Enemies\Cubes">
      <UniqueIdentifier>{ca6009e1-31cd-4ddf-9613-1a7dc05a105c}</UniqueIdentifier>
    </Filter>
    <Filter Include="Screens">
      <UniqueIdentifier>{534f0d58-55e6-41b4-8ffb-f874ac437f00}</UniqueIdentifier>
    </Filter>
    <Filter Include="Screens\Load">
      <UniqueIdentifier>{4e6db59e-a075-4353-a0b8-6da8d500d302}</UniqueIdentifier>
    </Filter>
    <Filter Include="Screens\MainMenu">
      <UniqueIdentifier>{67d9a765-4e40-43b2-bafd-8b3d275e40fc}</UniqueIdentifier>
    </Filter>
    <Filter Include="Screens\Save">
      <UniqueIdentifier>{685cddc8-dafe-4247-b121-eb6baba8f6ba}</UniqueIdentifier>
    </Filter>
    <Filter Include="Screens\Credits">
      <UniqueIdentifier>{b3c48f4e-8d42-4090-b5e1-5f2c2f532ec4}</UniqueIdentifier>
    </Filter>
    <Filter Include="Screens\Options">
      <UniqueIdentifier>{81626e78-b7d0-428a-b7f3-d26ad223eec5}</UniqueIdentifier>
    </Filter>
    <Filter Include="Gamecontroller">
      <UniqueIdentifier>{0d1d844c-c03b-416c-8bf0-8cd3b6b42945}</UniqueIdentifier>
    </Filter>
    <Filter Include="Spaceship">
      <UniqueIdentifier>{178f93e9-18ea-4b41-813a-0f2b20ec20db}</UniqueIdentifier>
    </Filter>
    <Filter Include="Powerups">
      <UniqueIdentifier>{708203f1-163b-4e11-8653-bb1db2a9cf22}</UniqueIdentifier>
    </Filter>
    <Filter Include="Enemies\BlueShip">
      <UniqueIdentifier>{6a6ca93d-ed7f-4192-a684-d363e0d8b038}</UniqueIdentifier>
    </Filter>
    <Filter Include="Enemies\Wave1">
      <UniqueIdentifier>{ab491139-e75c-4fd3-b93a-3990b84b6e89}</UniqueIdentifier>
    </Filter>
    <Filter Include="ParticleController">
      <UniqueIdentifier>{ed12fe1b-a64d-4e23-854c-d2e131d17720}</UniqueIdentifier>
    </Filter>
    <Filter Include="Enemies\BlueFish">
      <UniqueIdentifier>{bc7d872e-9493-4f56-ba38-048860741daf}</UniqueIdentifier>
    </Filter>
    <Filter Include="Enemies\PurpleShip">
      <UniqueIdentifier>{4205ceb0-4a96-4a01-a5df-497e0275bd0d}</UniqueIdentifier>
    </Filter>
  </ItemGroup>
  <ItemGroup>
    <ResourceCompile Include="src\resource.rc">
      <Filter>Resource</Filter>
    </ResourceCompile>
  </ItemGroup>
</Project>